Microsoft Visual Studio Solution File, Format Version 12.00
# Visual Studio 2012
Project("{FAE04EC0-301F-11D3-BF4B-00C04F79EFBC}") = "Ink3D", "Ink3D.csproj", "{FDF6A0BC-6FA9-4887-8EA9-645C58F0D78C}"
EndProject
Global
	GlobalSection(SolutionConfigurationPlatforms) = preSolution
	Debug|Any CPU = Debug|Any CPU
	ExportDebug|Any CPU = ExportDebug|Any CPU
	ExportRelease|Any CPU = ExportRelease|Any CPU
	EndGlobalSection
	GlobalSection(ProjectConfigurationPlatforms) = postSolution
		{FDF6A0BC-6FA9-4887-8EA9-645C58F0D78C}.Debug|Any CPU.ActiveCfg = Debug|Any CPU
		{FDF6A0BC-6FA9-4887-8EA9-645C58F0D78C}.Debug|Any CPU.Build.0 = Debug|Any CPU
		{FDF6A0BC-6FA9-4887-8EA9-645C58F0D78C}.ExportDebug|Any CPU.ActiveCfg = ExportDebug|Any CPU
		{FDF6A0BC-6FA9-4887-8EA9-645C58F0D78C}.ExportDebug|Any CPU.Build.0 = ExportDebug|Any CPU
		{FDF6A0BC-6FA9-4887-8EA9-645C58F0D78C}.ExportRelease|Any CPU.ActiveCfg = ExportRelease|Any CPU
		{FDF6A0BC-6FA9-4887-8EA9-645C58F0D78C}.ExportRelease|Any CPU.Build.0 = ExportRelease|Any CPU
	EndGlobalSection
EndGlobal
